// !$*UTF8*$!
{
	archiveVersion = 1;
	classes = {
	};
	objectVersion = 46;
	objects = {

/* Begin PBXBuildFile section */
		218AA7CA1E4E9B04004BADC6 /* Game2.scn in Resources */ = {isa = PBXBuildFile; fileRef = 218AA7C91E4E9B04004BADC6 /* Game2.scn */; };
		219A033E1E4A2BAA00064C37 /* CardNode.swift in Sources */ = {isa = PBXBuildFile; fileRef = 219A033D1E4A2BAA00064C37 /* CardNode.swift */; };
		21A8C78F1E44C767008F923F /* AppDelegate.swift in Sources */ = {isa = PBXBuildFile; fileRef = 21A8C78E1E44C767008F923F /* AppDelegate.swift */; };
		21A8C7911E44C767008F923F /* LobbyViewController.swift in Sources */ = {isa = PBXBuildFile; fileRef = 21A8C7901E44C767008F923F /* LobbyViewController.swift */; };
		21A8C7941E44C767008F923F /* Main.storyboard in Resources */ = {isa = PBXBuildFile; fileRef = 21A8C7921E44C767008F923F /* Main.storyboard */; };
		21A8C7961E44C767008F923F /* Assets.xcassets in Resources */ = {isa = PBXBuildFile; fileRef = 21A8C7951E44C767008F923F /* Assets.xcassets */; };
		21A8C7991E44C767008F923F /* LaunchScreen.storyboard in Resources */ = {isa = PBXBuildFile; fileRef = 21A8C7971E44C767008F923F /* LaunchScreen.storyboard */; };
		21A8C7A21E44D3CC008F923F /* GamePlayViewController.swift in Sources */ = {isa = PBXBuildFile; fileRef = 21A8C7A11E44D3CC008F923F /* GamePlayViewController.swift */; };
		21A8C7A41E44EAD8008F923F /* CardView.swift in Sources */ = {isa = PBXBuildFile; fileRef = 21A8C7A31E44EAD8008F923F /* CardView.swift */; };
		21A8C7A61E450B19008F923F /* Card.swift in Sources */ = {isa = PBXBuildFile; fileRef = 21A8C7A51E450B19008F923F /* Card.swift */; };
		21A8C7A81E4514F6008F923F /* Extensions.swift in Sources */ = {isa = PBXBuildFile; fileRef = 21A8C7A71E4514F6008F923F /* Extensions.swift */; };
		21A8C7AD1E477E2D008F923F /* NonRotatingNavController.swift in Sources */ = {isa = PBXBuildFile; fileRef = 21A8C7AC1E477E2D008F923F /* NonRotatingNavController.swift */; };
		21FCA7E21E4ABD4200CCDBA7 /* art.scnassets in Resources */ = {isa = PBXBuildFile; fileRef = 21FCA7E11E4ABD4200CCDBA7 /* art.scnassets */; };
		21FCA7E41E4AC17900CCDBA7 /* Game.scn in Resources */ = {isa = PBXBuildFile; fileRef = 21FCA7E31E4AC17900CCDBA7 /* Game.scn */; };
/* End PBXBuildFile section */

/* Begin PBXFileReference section */
		218AA7C91E4E9B04004BADC6 /* Game2.scn */ = {isa = PBXFileReference; lastKnownFileType = file.bplist; path = Game2.scn; sourceTree = "<group>"; };
		219A033D1E4A2BAA00064C37 /* CardNode.swift */ = {isa = PBXFileReference; fileEncoding = 4; lastKnownFileType = sourcecode.swift; path = CardNode.swift; sourceTree = "<group>"; };
		21A8C78B1E44C767008F923F /* MemoryGame.app */ = {isa = PBXFileReference; explicitFileType = wrapper.application; includeInIndex = 0; path = MemoryGame.app; sourceTree = BUILT_PRODUCTS_DIR; };
		21A8C78E1E44C767008F923F /* AppDelegate.swift */ = {isa = PBXFileReference; lastKnownFileType = sourcecode.swift; path = AppDelegate.swift; sourceTree = "<group>"; };
		21A8C7901E44C767008F923F /* LobbyViewController.swift */ = {isa = PBXFileReference; lastKnownFileType = sourcecode.swift; path = LobbyViewController.swift; sourceTree = "<group>"; };
		21A8C7931E44C767008F923F /* Base */ = {isa = PBXFileReference; lastKnownFileType = file.storyboard; name = Base; path = Base.lproj/Main.storyboard; sourceTree = "<group>"; };
		21A8C7951E44C767008F923F /* Assets.xcassets */ = {isa = PBXFileReference; lastKnownFileType = folder.assetcatalog; path = Assets.xcassets; sourceTree = "<group>"; };
		21A8C7981E44C767008F923F /* Base */ = {isa = PBXFileReference; lastKnownFileType = file.storyboard; name = Base; path = Base.lproj/LaunchScreen.storyboard; sourceTree = "<group>"; };
		21A8C79A1E44C767008F923F /* Info.plist */ = {isa = PBXFileReference; lastKnownFileType = text.plist.xml; path = Info.plist; sourceTree = "<group>"; };
		21A8C7A11E44D3CC008F923F /* GamePlayViewController.swift */ = {isa = PBXFileReference; fileEncoding = 4; lastKnownFileType = sourcecode.swift; path = GamePlayViewController.swift; sourceTree = "<group>"; };
		21A8C7A31E44EAD8008F923F /* CardView.swift */ = {isa = PBXFileReference; fileEncoding = 4; lastKnownFileType = sourcecode.swift; path = CardView.swift; sourceTree = "<group>"; };
		21A8C7A51E450B19008F923F /* Card.swift */ = {isa = PBXFileReference; fileEncoding = 4; lastKnownFileType = sourcecode.swift; path = Card.swift; sourceTree = "<group>"; };
		21A8C7A71E4514F6008F923F /* Extensions.swift */ = {isa = PBXFileReference; fileEncoding = 4; lastKnownFileType = sourcecode.swift; path = Extensions.swift; sourceTree = "<group>"; };
		21A8C7A91E469046008F923F /* README.md */ = {isa = PBXFileReference; lastKnownFileType = net.daringfireball.markdown; path = README.md; sourceTree = "<group>"; };
		21A8C7AC1E477E2D008F923F /* NonRotatingNavController.swift */ = {isa = PBXFileReference; fileEncoding = 4; lastKnownFileType = sourcecode.swift; path = NonRotatingNavController.swift; sourceTree = "<group>"; };
		21FCA7E11E4ABD4200CCDBA7 /* art.scnassets */ = {isa = PBXFileReference; lastKnownFileType = wrapper.scnassets; path = art.scnassets; sourceTree = "<group>"; };
		21FCA7E31E4AC17900CCDBA7 /* Game.scn */ = {isa = PBXFileReference; lastKnownFileType = file.bplist; path = Game.scn; sourceTree = "<group>"; };
/* End PBXFileReference section */

/* Begin PBXFrameworksBuildPhase section */
		21A8C7881E44C767008F923F /* Frameworks */ = {
			isa = PBXFrameworksBuildPhase;
			buildActionMask = 2147483647;
			files = (
			);
			runOnlyForDeploymentPostprocessing = 0;
		};
/* End PBXFrameworksBuildPhase section */

/* Begin PBXGroup section */
		219A03381E4A10A500064C37 /* SceneKit */ = {
			isa = PBXGroup;
			children = (
				21FCA7E31E4AC17900CCDBA7 /* Game.scn */,
				218AA7C91E4E9B04004BADC6 /* Game2.scn */,
				219A033D1E4A2BAA00064C37 /* CardNode.swift */,
				21FCA7E11E4ABD4200CCDBA7 /* art.scnassets */,
			);
			name = SceneKit;
			sourceTree = "<group>";
		};
		21A8C7821E44C767008F923F = {
			isa = PBXGroup;
			children = (
				21A8C78D1E44C767008F923F /* MemoryGame */,
				21A8C78C1E44C767008F923F /* Products */,
			);
			sourceTree = "<group>";
		};
		21A8C78C1E44C767008F923F /* Products */ = {
			isa = PBXGroup;
			children = (
				21A8C78B1E44C767008F923F /* MemoryGame.app */,
			);
			name = Products;
			sourceTree = "<group>";
		};
		21A8C78D1E44C767008F923F /* MemoryGame */ = {
			isa = PBXGroup;
			children = (
				21A8C7A91E469046008F923F /* README.md */,
				21A8C78E1E44C767008F923F /* AppDelegate.swift */,
				21A8C7901E44C767008F923F /* LobbyViewController.swift */,
				21A8C7A11E44D3CC008F923F /* GamePlayViewController.swift */,
				219A03381E4A10A500064C37 /* SceneKit */,
				21A8C7A31E44EAD8008F923F /* CardView.swift */,
				21A8C7A51E450B19008F923F /* Card.swift */,
				21A8C7AC1E477E2D008F923F /* NonRotatingNavController.swift */,
				21A8C7A71E4514F6008F923F /* Extensions.swift */,
				21A8C7921E44C767008F923F /* Main.storyboard */,
				21A8C7A01E44C78C008F923F /* Support Files */,
			);
			path = MemoryGame;
			sourceTree = "<group>";
		};
		21A8C7A01E44C78C008F923F /* Support Files */ = {
			isa = PBXGroup;
			children = (
				21A8C7951E44C767008F923F /* Assets.xcassets */,
				21A8C7971E44C767008F923F /* LaunchScreen.storyboard */,
				21A8C79A1E44C767008F923F /* Info.plist */,
			);
			name = "Support Files";
			sourceTree = "<group>";
		};
/* End PBXGroup section */

/* Begin PBXNativeTarget section */
		21A8C78A1E44C767008F923F /* MemoryGame */ = {
			isa = PBXNativeTarget;
			buildConfigurationList = 21A8C79D1E44C767008F923F /* Build configuration list for PBXNativeTarget "MemoryGame" */;
			buildPhases = (
				21A8C7871E44C767008F923F /* Sources */,
				21A8C7881E44C767008F923F /* Frameworks */,
				21A8C7891E44C767008F923F /* Resources */,
			);
			buildRules = (
			);
			dependencies = (
			);
			name = MemoryGame;
			productName = MemoryGame;
			productReference = 21A8C78B1E44C767008F923F /* MemoryGame.app */;
			productType = "com.apple.product-type.application";
		};
/* End PBXNativeTarget section */

/* Begin PBXProject section */
		21A8C7831E44C767008F923F /* Project object */ = {
			isa = PBXProject;
			attributes = {
				LastSwiftUpdateCheck = 0820;
				LastUpgradeCheck = 0820;
				ORGANIZATIONNAME = "Jack Wright";
				TargetAttributes = {
					21A8C78A1E44C767008F923F = {
						CreatedOnToolsVersion = 8.2.1;
						DevelopmentTeam = 7BATW2E53G;
						ProvisioningStyle = Automatic;
					};
				};
			};
			buildConfigurationList = 21A8C7861E44C767008F923F /* Build configuration list for PBXProject "MemoryGame" */;
			compatibilityVersion = "Xcode 3.2";
			developmentRegion = English;
			hasScannedForEncodings = 0;
			knownRegions = (
				en,
				Base,
			);
			mainGroup = 21A8C7821E44C767008F923F;
			productRefGroup = 21A8C78C1E44C767008F923F /* Products */;
			projectDirPath = "";
			projectRoot = "";
			targets = (
				21A8C78A1E44C767008F923F /* MemoryGame */,
			);
		};
/* End PBXProject section */

/* Begin PBXResourcesBuildPhase section */
		21A8C7891E44C767008F923F /* Resources */ = {
			isa = PBXResourcesBuildPhase;
			buildActionMask = 2147483647;
			files = (
				21FCA7E21E4ABD4200CCDBA7 /* art.scnassets in Resources */,
				21A8C7991E44C767008F923F /* LaunchScreen.storyboard in Resources */,
				21A8C7961E44C767008F923F /* Assets.xcassets in Resources */,
				21FCA7E41E4AC17900CCDBA7 /* Game.scn in Resources */,
				21A8C7941E44C767008F923F /* Main.storyboard in Resources */,
				218AA7CA1E4E9B04004BADC6 /* Game2.scn in Resources */,
			);
			runOnlyForDeploymentPostprocessing = 0;
		};
/* End PBXResourcesBuildPhase section */

/* Begin PBXSourcesBuildPhase section */
		21A8C7871E44C767008F923F /* Sources */ = {
			isa = PBXSourcesBuildPhase;
			buildActionMask = 2147483647;
			files = (
				21A8C7911E44C767008F923F /* LobbyViewController.swift in Sources */,
				21A8C7A81E4514F6008F923F /* Extensions.swift in Sources */,
				21A8C7A21E44D3CC008F923F /* GamePlayViewController.swift in Sources */,
				21A8C7A61E450B19008F923F /* Card.swift in Sources */,
				21A8C7AD1E477E2D008F923F /* NonRotatingNavController.swift in Sources */,
				219A033E1E4A2BAA00064C37 /* CardNode.swift in Sources */,
				21A8C7A41E44EAD8008F923F /* CardView.swift in Sources */,
				21A8C78F1E44C767008F923F /* AppDelegate.swift in Sources */,
			);
			runOnlyForDeploymentPostprocessing = 0;
		};
/* End PBXSourcesBuildPhase section */

/* Begin PBXVariantGroup section */
		21A8C7921E44C767008F923F /* Main.storyboard */ = {
			isa = PBXVariantGroup;
			children = (
				21A8C7931E44C767008F923F /* Base */,
			);
			name = Main.storyboard;
			sourceTree = "<group>";
		};
		21A8C7971E44C767008F923F /* LaunchScreen.storyboard */ = {
			isa = PBXVariantGroup;
			children = (
				21A8C7981E44C767008F923F /* Base */,
			);
			name = LaunchScreen.storyboard;
			sourceTree = "<group>";
		};
/* End PBXVariantGroup section */

/* Begin XCBuildConfiguration section */
		21A8C79B1E44C767008F923F /* Debug */ = {
			isa = XCBuildConfiguration;
			buildSettings = {
				ALWAYS_SEARCH_USER_PATHS = NO;
				CLANG_ANALYZER_NONNULL = YES;
				CLANG_CXX_LANGUAGE_STANDARD = "gnu++0x";
				CLANG_CXX_LIBRARY = "libc++";
				CLANG_ENABLE_MODULES = YES;
				CLANG_ENABLE_OBJC_ARC = YES;
				CLANG_WARN_BOOL_CONVERSION = YES;
				CLANG_WARN_CONSTANT_CONVERSION = YES;
				CLANG_WARN_DIRECT_OBJC_ISA_USAGE = YES_ERROR;
				CLANG_WARN_DOCUMENTATION_COMMENTS = YES;
				CLANG_WARN_EMPTY_BODY = YES;
				CLANG_WARN_ENUM_CONVERSION = YES;
				CLANG_WARN_INFINITE_RECURSION = YES;
				CLANG_WARN_INT_CONVERSION = YES;
				CLANG_WARN_OBJC_ROOT_CLASS = YES_ERROR;
				CLANG_WARN_SUSPICIOUS_MOVE = YES;
				CLANG_WARN_UNREACHABLE_CODE = YES;
				CLANG_WARN__DUPLICATE_METHOD_MATCH = YES;
				"CODE_SIGN_IDENTITY[sdk=iphoneos*]" = "iPhone Developer";
				COPY_PHASE_STRIP = NO;
				DEBUG_INFORMATION_FORMAT = dwarf;
				ENABLE_STRICT_OBJC_MSGSEND = YES;
				ENABLE_TESTABILITY = YES;
				GCC_C_LANGUAGE_STANDARD = gnu99;
				GCC_DYNAMIC_NO_PIC = NO;
				GCC_NO_COMMON_BLOCKS = YES;
				GCC_OPTIMIZATION_LEVEL = 0;
				GCC_PREPROCESSOR_DEFINITIONS = (
					"DEBUG=1",
					"$(inherited)",
				);
				GCC_WARN_64_TO_32_BIT_CONVERSION = YES;
				GCC_WARN_ABOUT_RETURN_TYPE = YES_ERROR;
				GCC_WARN_UNDECLARED_SELECTOR = YES;
				GCC_WARN_UNINITIALIZED_AUTOS = YES_AGGRESSIVE;
				GCC_WARN_UNUSED_FUNCTION = YES;
				GCC_WARN_UNUSED_VARIABLE = YES;
				IPHONEOS_DEPLOYMENT_TARGET = 10.2;
				MTL_ENABLE_DEBUG_INFO = YES;
				ONLY_ACTIVE_ARCH = YES;
				SDKROOT = iphoneos;
				SWIFT_ACTIVE_COMPILATION_CONDITIONS = DEBUG;
				SWIFT_OPTIMIZATION_LEVEL = "-Onone";
				TARGETED_DEVICE_FAMILY = "1,2";
			};
			name = Debug;
		};
		21A8C79C1E44C767008F923F /* Release */ = {
			isa = XCBuildConfiguration;
			buildSettings = {
				ALWAYS_SEARCH_USER_PATHS = NO;
				CLANG_ANALYZER_NONNULL = YES;
				CLANG_CXX_LANGUAGE_STANDARD = "gnu++0x";
				CLANG_CXX_LIBRARY = "libc++";
				CLANG_ENABLE_MODULES = YES;
				CLANG_ENABLE_OBJC_ARC = YES;
				CLANG_WARN_BOOL_CONVERSION = YES;
				CLANG_WARN_CONSTANT_CONVERSION = YES;
				CLANG_WARN_DIRECT_OBJC_ISA_USAGE = YES_ERROR;
				CLANG_WARN_DOCUMENTATION_COMMENTS = YES;
				CLANG_WARN_EMPTY_BODY = YES;
				CLANG_WARN_ENUM_CONVERSION = YES;
				CLANG_WARN_INFINITE_RECURSION = YES;
				CLANG_WARN_INT_CONVERSION = YES;
				CLANG_WARN_OBJC_ROOT_CLASS = YES_ERROR;
				CLANG_WARN_SUSPICIOUS_MOVE = YES;
				CLANG_WARN_UNREACHABLE_CODE = YES;
				CLANG_WARN__DUPLICATE_METHOD_MATCH = YES;
				"CODE_SIGN_IDENTITY[sdk=iphoneos*]" = "iPhone Developer";
				COPY_PHASE_STRIP = NO;
				DEBUG_INFORMATION_FORMAT = "dwarf-with-dsym";
				ENABLE_NS_ASSERTIONS = NO;
				ENABLE_STRICT_OBJC_MSGSEND = YES;
				GCC_C_LANGUAGE_STANDARD = gnu99;
				GCC_NO_COMMON_BLOCKS = YES;
				GCC_WARN_64_TO_32_BIT_CONVERSION = YES;
				GCC_WARN_ABOUT_RETURN_TYPE = YES_ERROR;
				GCC_WARN_UNDECLARED_SELECTOR = YES;
				GCC_WARN_UNINITIALIZED_AUTOS = YES_AGGRESSIVE;
				GCC_WARN_UNUSED_FUNCTION = YES;
				GCC_WARN_UNUSED_VARIABLE = YES;
				IPHONEOS_DEPLOYMENT_TARGET = 10.2;
				MTL_ENABLE_DEBUG_INFO = NO;
				SDKROOT = iphoneos;
				SWIFT_OPTIMIZATION_LEVEL = "-Owholemodule";
				TARGETED_DEVICE_FAMILY = "1,2";
				VALIDATE_PRODUCT = YES;
			};
			name = Release;
		};
		21A8C79E1E44C767008F923F /* Debug */ = {
			isa = XCBuildConfiguration;
			buildSettings = {
				ASSETCATALOG_COMPILER_APPICON_NAME = AppIcon;
				DEVELOPMENT_TEAM = 7BATW2E53G;
				INFOPLIST_FILE = MemoryGame/Info.plist;
				LD_RUNPATH_SEARCH_PATHS = "$(inherited) @executable_path/Frameworks";
				PRODUCT_BUNDLE_IDENTIFIER = com.jackcraft.MemoryGame;
				PRODUCT_NAME = "$(TARGET_NAME)";
				SWIFT_VERSION = 3.0;
				TARGETED_DEVICE_FAMILY = "1,2";
			};
			name = Debug;
		};
		21A8C79F1E44C767008F923F /* Release */ = {
			isa = XCBuildConfiguration;
			buildSettings = {
				ASSETCATALOG_COMPILER_APPICON_NAME = AppIcon;
				DEVELOPMENT_TEAM = 7BATW2E53G;
				INFOPLIST_FILE = MemoryGame/Info.plist;
				LD_RUNPATH_SEARCH_PATHS = "$(inherited) @executable_path/Frameworks";
				PRODUCT_BUNDLE_IDENTIFIER = com.jackcraft.MemoryGame;
				PRODUCT_NAME = "$(TARGET_NAME)";
				SWIFT_VERSION = 3.0;
				TARGETED_DEVICE_FAMILY = "1,2";
			};
			name = Release;
		};
/* End XCBuildConfiguration section */

/* Begin XCConfigurationList section */
		21A8C7861E44C767008F923F /* Build configuration list for PBXProject "MemoryGame" */ = {
			isa = XCConfigurationList;
			buildConfigurations = (
				21A8C79B1E44C767008F923F /* Debug */,
				21A8C79C1E44C767008F923F /* Release */,
			);
			defaultConfigurationIsVisible = 0;
			defaultConfigurationName = Release;
		};
		21A8C79D1E44C767008F923F /* Build configuration list for PBXNativeTarget "MemoryGame" */ = {
			isa = XCConfigurationList;
			buildConfigurations = (
				21A8C79E1E44C767008F923F /* Debug */,
				21A8C79F1E44C767008F923F /* Release */,
			);
			defaultConfigurationIsVisible = 0;
			defaultConfigurationName = Release;
		};
/* End XCConfigurationList section */
	};
	rootObject = 21A8C7831E44C767008F923F /* Project object */;
}
